
Microsoft Visual Studio Solution File, Format Version 12.00
# Visual Studio Version 17
VisualStudioVersion = 17.7.34018.315
MinimumVisualStudioVersion = 10.0.40219.1
Project("{9A19103F-16F7-4668-BE54-9A1E7A4F7556}") = "MyWeb", "MyWeb\MyWeb.csproj", "{1F15C3AD-B93A-442E-8B1E-4FA7914FCD37}"
EndProject
Project("{9A19103F-16F7-4668-BE54-9A1E7A4F7556}") = "MyController", "MyController\MyController.csproj", "{86A2E7AA-82AC-4196-86AF-A266676B0697}"
EndProject
Project("{9A19103F-16F7-4668-BE54-9A1E7A4F7556}") = "MyView", "MyView\MyView.csproj", "{45BD03FE-531E-4A6E-9A1F-BF7B8E599585}"
EndProject
Project("{2150E333-8FDC-42A3-9474-1A3956D46DE8}") = "方案項目", "方案項目", "{F7E04B52-C5BB-430C-ADB3-695E18E9F431}"
EndProject
Project("{9A19103F-16F7-4668-BE54-9A1E7A4F7556}") = "MyModel_DBFirst", "MyModel_DBFirst\MyModel_DBFirst.csproj", "{03179637-8C88-4319-8B1A-649BC4D25171}"
EndProject
Project("{9A19103F-16F7-4668-BE54-9A1E7A4F7556}") = "MyModel_CodeFirst", "MyModel_CodeFirst\MyModel_CodeFirst.csproj", "{71EFAD81-A2F4-4843-8A22-8D2F64BFDFDB}"
EndProject
Project("{FAE04EC0-301F-11D3-BF4B-00C04F79EFBC}") = "MyWebAPI", "MyWebAPI\MyWebAPI.csproj", "{93E44523-5A47-495F-AB9C-87C68B1F882D}"
EndProject
Global
	GlobalSection(SolutionConfigurationPlatforms) = preSolution
		Debug|Any CPU = Debug|Any CPU
		Release|Any CPU = Release|Any CPU
	EndGlobalSection
	GlobalSection(ProjectConfigurationPlatforms) = postSolution
		{1F15C3AD-B93A-442E-8B1E-4FA7914FCD37}.Debug|Any CPU.ActiveCfg = Debug|Any CPU
		{1F15C3AD-B93A-442E-8B1E-4FA7914FCD37}.Debug|Any CPU.Build.0 = Debug|Any CPU
		{1F15C3AD-B93A-442E-8B1E-4FA7914FCD37}.Release|Any CPU.ActiveCfg = Release|Any CPU
		{1F15C3AD-B93A-442E-8B1E-4FA7914FCD37}.Release|Any CPU.Build.0 = Release|Any CPU
		{86A2E7AA-82AC-4196-86AF-A266676B0697}.Debug|Any CPU.ActiveCfg = Debug|Any CPU
		{86A2E7AA-82AC-4196-86AF-A266676B0697}.Debug|Any CPU.Build.0 = Debug|Any CPU
		{86A2E7AA-82AC-4196-86AF-A266676B0697}.Release|Any CPU.ActiveCfg = Release|Any CPU
		{86A2E7AA-82AC-4196-86AF-A266676B0697}.Release|Any CPU.Build.0 = Release|Any CPU
		{45BD03FE-531E-4A6E-9A1F-BF7B8E599585}.Debug|Any CPU.ActiveCfg = Debug|Any CPU
		{45BD03FE-531E-4A6E-9A1F-BF7B8E599585}.Debug|Any CPU.Build.0 = Debug|Any CPU
		{45BD03FE-531E-4A6E-9A1F-BF7B8E599585}.Release|Any CPU.ActiveCfg = Release|Any CPU
		{45BD03FE-531E-4A6E-9A1F-BF7B8E599585}.Release|Any CPU.Build.0 = Release|Any CPU
		{03179637-8C88-4319-8B1A-649BC4D25171}.Debug|Any CPU.ActiveCfg = Debug|Any CPU
		{03179637-8C88-4319-8B1A-649BC4D25171}.Debug|Any CPU.Build.0 = Debug|Any CPU
		{03179637-8C88-4319-8B1A-649BC4D25171}.Release|Any CPU.ActiveCfg = Release|Any CPU
		{03179637-8C88-4319-8B1A-649BC4D25171}.Release|Any CPU.Build.0 = Release|Any CPU
		{71EFAD81-A2F4-4843-8A22-8D2F64BFDFDB}.Debug|Any CPU.ActiveCfg = Debug|Any CPU
		{71EFAD81-A2F4-4843-8A22-8D2F64BFDFDB}.Debug|Any CPU.Build.0 = Debug|Any CPU
		{71EFAD81-A2F4-4843-8A22-8D2F64BFDFDB}.Release|Any CPU.ActiveCfg = Release|Any CPU
		{71EFAD81-A2F4-4843-8A22-8D2F64BFDFDB}.Release|Any CPU.Build.0 = Release|Any CPU
		{93E44523-5A47-495F-AB9C-87C68B1F882D}.Debug|Any CPU.ActiveCfg = Debug|Any CPU
		{93E44523-5A47-495F-AB9C-87C68B1F882D}.Debug|Any CPU.Build.0 = Debug|Any CPU
		{93E44523-5A47-495F-AB9C-87C68B1F882D}.Release|Any CPU.ActiveCfg = Release|Any CPU
		{93E44523-5A47-495F-AB9C-87C68B1F882D}.Release|Any CPU.Build.0 = Release|Any CPU
	EndGlobalSection
	GlobalSection(SolutionProperties) = preSolution
		HideSolutionNode = FALSE
	EndGlobalSection
	GlobalSection(ExtensibilityGlobals) = postSolution
		SolutionGuid = {F8AD6A7A-1FBA-429D-A938-335C0B8B6A05}
	EndGlobalSection
EndGlobal
